
Microsoft Visual Studio Solution File, Format Version 12.00
# Visual Studio 15
VisualStudioVersion = 15.0.28010.0
MinimumVisualStudioVersion = 10.0.40219.1
Project("{9A19103F-16F7-4668-BE54-9A1E7A4F7556}") = "MapsApiLibrary", "MapsApiLibrary\MapsApiLibrary.csproj", "{C2F451A0-F3E5-43B3-ACB4-3C46FAECEF85}"
EndProject
Project("{FAE04EC0-301F-11D3-BF4B-00C04F79EFBC}") = "LibraryTests", "LibraryTests\LibraryTests.csproj", "{83A76619-A75C-4E8C-94DC-9A6977A5B618}"
EndProject
Global
	GlobalSection(SolutionConfigurationPlatforms) = preSolution
		Debug|Any CPU = Debug|Any CPU
		Release|Any CPU = Release|Any CPU
	EndGlobalSection
	GlobalSection(ProjectConfigurationPlatforms) = postSolution
		{C2F451A0-F3E5-43B3-ACB4-3C46FAECEF85}.Debug|Any CPU.ActiveCfg = Debug|Any CPU
		{C2F451A0-F3E5-43B3-ACB4-3C46FAECEF85}.Debug|Any CPU.Build.0 = Debug|Any CPU
		{C2F451A0-F3E5-43B3-ACB4-3C46FAECEF85}.Release|Any CPU.ActiveCfg = Release|Any CPU
		{C2F451A0-F3E5-43B3-ACB4-3C46FAECEF85}.Release|Any CPU.Build.0 = Release|Any CPU
		{83A76619-A75C-4E8C-94DC-9A6977A5B618}.Debug|Any CPU.ActiveCfg = Debug|Any CPU
		{83A76619-A75C-4E8C-94DC-9A6977A5B618}.Debug|Any CPU.Build.0 = Debug|Any CPU
		{83A76619-A75C-4E8C-94DC-9A6977A5B618}.Release|Any CPU.ActiveCfg = Release|Any CPU
		{83A76619-A75C-4E8C-94DC-9A6977A5B618}.Release|Any CPU.Build.0 = Release|Any CPU
	EndGlobalSection
	GlobalSection(SolutionProperties) = preSolution
		HideSolutionNode = FALSE
	EndGlobalSection
	GlobalSection(ExtensibilityGlobals) = postSolution
		SolutionGuid = {A3536DA7-9F36-4460-9F65-14EDC2C965C4}
	EndGlobalSection
EndGlobal
